
Microsoft Visual Studio Solution File, Format Version 12.00
# Visual Studio Version 17
VisualStudioVersion = 17.5.002.0
MinimumVisualStudioVersion = 10.0.40219.1
Project("{9A19103F-16F7-4668-BE54-9A1E7A4F7556}") = "exercicio3", "exercicio3.csproj", "{F06A6395-CF18-46A8-BA3E-06A18560BDFB}"
EndProject
Global
	GlobalSection(SolutionConfigurationPlatforms) = preSolution
		Debug|Any CPU = Debug|Any CPU
		Release|Any CPU = Release|Any CPU
	EndGlobalSection
	GlobalSection(ProjectConfigurationPlatforms) = postSolution
		{F06A6395-CF18-46A8-BA3E-06A18560BDFB}.Debug|Any CPU.ActiveCfg = Debug|Any CPU
		{F06A6395-CF18-46A8-BA3E-06A18560BDFB}.Debug|Any CPU.Build.0 = Debug|Any CPU
		{F06A6395-CF18-46A8-BA3E-06A18560BDFB}.Release|Any CPU.ActiveCfg = Release|Any CPU
		{F06A6395-CF18-46A8-BA3E-06A18560BDFB}.Release|Any CPU.Build.0 = Release|Any CPU
	EndGlobalSection
	GlobalSection(SolutionProperties) = preSolution
		HideSolutionNode = FALSE
	EndGlobalSection
	GlobalSection(ExtensibilityGlobals) = postSolution
		SolutionGuid = {11AD9937-44C0-43A7-992E-69AA34989C01}
	EndGlobalSection
EndGlobal
