
Microsoft Visual Studio Solution File, Format Version 12.00
# Visual Studio Version 17
VisualStudioVersion = 17.5.002.0
MinimumVisualStudioVersion = 10.0.40219.1
Project("{9A19103F-16F7-4668-BE54-9A1E7A4F7556}") = "lista6", "lista6.csproj", "{340F3FA1-EAAB-4789-8091-96F504C754C9}"
EndProject
Global
	GlobalSection(SolutionConfigurationPlatforms) = preSolution
		Debug|Any CPU = Debug|Any CPU
		Release|Any CPU = Release|Any CPU
	EndGlobalSection
	GlobalSection(ProjectConfigurationPlatforms) = postSolution
		{340F3FA1-EAAB-4789-8091-96F504C754C9}.Debug|Any CPU.ActiveCfg = Debug|Any CPU
		{340F3FA1-EAAB-4789-8091-96F504C754C9}.Debug|Any CPU.Build.0 = Debug|Any CPU
		{340F3FA1-EAAB-4789-8091-96F504C754C9}.Release|Any CPU.ActiveCfg = Release|Any CPU
		{340F3FA1-EAAB-4789-8091-96F504C754C9}.Release|Any CPU.Build.0 = Release|Any CPU
	EndGlobalSection
	GlobalSection(SolutionProperties) = preSolution
		HideSolutionNode = FALSE
	EndGlobalSection
	GlobalSection(ExtensibilityGlobals) = postSolution
		SolutionGuid = {E161C22E-A8A5-4877-96B0-5D96FD53F9FD}
	EndGlobalSection
EndGlobal
